# @generated by Move, please check-in and do not edit manually.

[move]
version = 3
manifest_digest = "2EE8D9AEF34C7F49A2E8F132A20515BEC0BA25BB0CD18B0A01631DC54DFDDC90"
deps_digest = "F8BBB0CCB2491CA29A3DF03D6F92277A4F3574266507ACD77214D37ECA3F3082"
dependencies = [
  { id = "Sui", name = "Sui" },
]

[[move.package]]
id = "MoveStdlib"
source = { git = "https://github.com/MystenLabs/sui.git", rev = "framework/testnet", subdir = "crates/sui-framework/packages/move-stdlib" }

[[move.package]]
id = "Sui"
source = { git = "https://github.com/MystenLabs/sui.git", rev = "framework/testnet", subdir = "crates/sui-framework/packages/sui-framework" }

dependencies = [
  { id = "MoveStdlib", name = "MoveStdlib" },
]

[move.toolchain-version]
compiler-version = "1.37.1"
edition = "2024.beta"
flavor = "sui"

[env]

[env.devnet]
chain-id = "19012592"
original-published-id = "0x425e075b195cb18744aa91fbd2d2c953ae3847d3335b01177d5a35be0a5d1db1"
latest-published-id = "0x425e075b195cb18744aa91fbd2d2c953ae3847d3335b01177d5a35be0a5d1db1"
published-version = "1"
